{
  "name": "healthwiki",
  "lockfileVersion": 3,
  "requires": true,
  "packages": {
    "": {
      "dependencies": {
        "parallel-web-cli": "^0.9.3"
      }
    },
    "node_modules/parallel-web-cli": {
      "version": "0.9.3",
      "resolved": "https://registry.npmjs.org/parallel-web-cli/-/parallel-web-cli-0.9.3.tgz",
      "integrity": "sha512-6IaXqkEIaSOkZT0/+aF3TDrNiSv4OhaUwD3ekXIFOkn7YXUj6E9duSdC2T3DCiX5T5I5NWo3y49P3fui9h6oOQ==",
      "hasInstallScript": true,
      "license": "MIT",
      "bin": {
        "parallel-cli": "bin/parallel-cli"
      },
      "engines": {
        "node": ">=18"
      }
    }
  }
}
